// !$*UTF8*$!
{
	archiveVersion = 1;
	classes = {
	};
	objectVersion = 50;
	objects = {

/* Begin PBXBuildFile section */
		8009A13E24852752007B2923 /* BusDirection.swift in Sources */ = {isa = PBXBuildFile; fileRef = 8009A13D24852752007B2923 /* BusDirection.swift */; };
		806B4658247F98F400C80811 /* CountdownCalculator.swift in Sources */ = {isa = PBXBuildFile; fileRef = 806B4657247F98F400C80811 /* CountdownCalculator.swift */; };
		806EA1BB247AC2F300BBE57D /* RemoveCharacters.swift in Sources */ = {isa = PBXBuildFile; fileRef = 806EA1BA247AC2F300BBE57D /* RemoveCharacters.swift */; };
		808159E4247E70D600C3F6CB /* TimeTableCell.swift in Sources */ = {isa = PBXBuildFile; fileRef = 808159E2247E70D600C3F6CB /* TimeTableCell.swift */; };
		808159E5247E70D600C3F6CB /* TimeTableCell.xib in Resources */ = {isa = PBXBuildFile; fileRef = 808159E3247E70D600C3F6CB /* TimeTableCell.xib */; };
		808159E7247E83B200C3F6CB /* BusDeparturesData.swift in Sources */ = {isa = PBXBuildFile; fileRef = 808159E6247E83B200C3F6CB /* BusDeparturesData.swift */; };
		808159E9247E8ED600C3F6CB /* BusDeparturesManager.swift in Sources */ = {isa = PBXBuildFile; fileRef = 808159E8247E8ED600C3F6CB /* BusDeparturesManager.swift */; };
		808159EB247EA2EC00C3F6CB /* BusStopDepartures.swift in Sources */ = {isa = PBXBuildFile; fileRef = 808159EA247EA2EC00C3F6CB /* BusStopDepartures.swift */; };
		80B7CFDE246DCD5C006A7D40 /* AppDelegate.swift in Sources */ = {isa = PBXBuildFile; fileRef = 80B7CFDD246DCD5C006A7D40 /* AppDelegate.swift */; };
		80B7CFE0246DCD5C006A7D40 /* SceneDelegate.swift in Sources */ = {isa = PBXBuildFile; fileRef = 80B7CFDF246DCD5C006A7D40 /* SceneDelegate.swift */; };
		80B7CFE2246DCD5C006A7D40 /* ViewController.swift in Sources */ = {isa = PBXBuildFile; fileRef = 80B7CFE1246DCD5C006A7D40 /* ViewController.swift */; };
		80B7CFE7246DCD5D006A7D40 /* Assets.xcassets in Resources */ = {isa = PBXBuildFile; fileRef = 80B7CFE6246DCD5D006A7D40 /* Assets.xcassets */; };
		80B7CFEA246DCD5E006A7D40 /* LaunchScreen.storyboard in Resources */ = {isa = PBXBuildFile; fileRef = 80B7CFE8246DCD5E006A7D40 /* LaunchScreen.storyboard */; };
		80B7CFF2246DCFFD006A7D40 /* Main.storyboard in Resources */ = {isa = PBXBuildFile; fileRef = 80B7CFF1246DCFFD006A7D40 /* Main.storyboard */; };
		80B7CFF42471566A006A7D40 /* Localities.swift in Sources */ = {isa = PBXBuildFile; fileRef = 80B7CFF32471566A006A7D40 /* Localities.swift */; };
		80B7CFFA247170D2006A7D40 /* LocationBusStopsData.swift in Sources */ = {isa = PBXBuildFile; fileRef = 80B7CFF9247170D2006A7D40 /* LocationBusStopsData.swift */; };
		80F0F64A247181D2002EA2B9 /* LocationBusStopManager.swift in Sources */ = {isa = PBXBuildFile; fileRef = 80F0F649247181D2002EA2B9 /* LocationBusStopManager.swift */; };
		80F0F64C2471A02C002EA2B9 /* BusStops.swift in Sources */ = {isa = PBXBuildFile; fileRef = 80F0F64B2471A02C002EA2B9 /* BusStops.swift */; };
		80F0F6582476EB93002EA2B9 /* BusStopAnnotationData.swift in Sources */ = {isa = PBXBuildFile; fileRef = 80F0F6572476EB93002EA2B9 /* BusStopAnnotationData.swift */; };
		80F0F65A247763E0002EA2B9 /* CalloutView.swift in Sources */ = {isa = PBXBuildFile; fileRef = 80F0F659247763E0002EA2B9 /* CalloutView.swift */; };
		80F0F65C24781232002EA2B9 /* CalloutView.xib in Resources */ = {isa = PBXBuildFile; fileRef = 80F0F65B24781232002EA2B9 /* CalloutView.xib */; };
		80F0F65E24781708002EA2B9 /* ShowAnnotationView.swift in Sources */ = {isa = PBXBuildFile; fileRef = 80F0F65D24781708002EA2B9 /* ShowAnnotationView.swift */; };
/* End PBXBuildFile section */

/* Begin PBXFileReference section */
		8009A13D24852752007B2923 /* BusDirection.swift */ = {isa = PBXFileReference; lastKnownFileType = sourcecode.swift; path = BusDirection.swift; sourceTree = "<group>"; };
		806B4657247F98F400C80811 /* CountdownCalculator.swift */ = {isa = PBXFileReference; lastKnownFileType = sourcecode.swift; path = CountdownCalculator.swift; sourceTree = "<group>"; };
		806EA1BA247AC2F300BBE57D /* RemoveCharacters.swift */ = {isa = PBXFileReference; lastKnownFileType = sourcecode.swift; path = RemoveCharacters.swift; sourceTree = "<group>"; };
		808159E2247E70D600C3F6CB /* TimeTableCell.swift */ = {isa = PBXFileReference; lastKnownFileType = sourcecode.swift; path = TimeTableCell.swift; sourceTree = "<group>"; };
		808159E3247E70D600C3F6CB /* TimeTableCell.xib */ = {isa = PBXFileReference; lastKnownFileType = file.xib; path = TimeTableCell.xib; sourceTree = "<group>"; };
		808159E6247E83B200C3F6CB /* BusDeparturesData.swift */ = {isa = PBXFileReference; lastKnownFileType = sourcecode.swift; path = BusDeparturesData.swift; sourceTree = "<group>"; };
		808159E8247E8ED600C3F6CB /* BusDeparturesManager.swift */ = {isa = PBXFileReference; lastKnownFileType = sourcecode.swift; path = BusDeparturesManager.swift; sourceTree = "<group>"; };
		808159EA247EA2EC00C3F6CB /* BusStopDepartures.swift */ = {isa = PBXFileReference; lastKnownFileType = sourcecode.swift; path = BusStopDepartures.swift; sourceTree = "<group>"; };
		80B7CFDA246DCD5C006A7D40 /* Slough Public Transport.app */ = {isa = PBXFileReference; explicitFileType = wrapper.application; includeInIndex = 0; path = "Slough Public Transport.app"; sourceTree = BUILT_PRODUCTS_DIR; };
		80B7CFDD246DCD5C006A7D40 /* AppDelegate.swift */ = {isa = PBXFileReference; lastKnownFileType = sourcecode.swift; path = AppDelegate.swift; sourceTree = "<group>"; };
		80B7CFDF246DCD5C006A7D40 /* SceneDelegate.swift */ = {isa = PBXFileReference; lastKnownFileType = sourcecode.swift; path = SceneDelegate.swift; sourceTree = "<group>"; };
		80B7CFE1246DCD5C006A7D40 /* ViewController.swift */ = {isa = PBXFileReference; lastKnownFileType = sourcecode.swift; path = ViewController.swift; sourceTree = "<group>"; };
		80B7CFE6246DCD5D006A7D40 /* Assets.xcassets */ = {isa = PBXFileReference; lastKnownFileType = folder.assetcatalog; path = Assets.xcassets; sourceTree = "<group>"; };
		80B7CFE9246DCD5E006A7D40 /* Base */ = {isa = PBXFileReference; lastKnownFileType = file.storyboard; name = Base; path = Base.lproj/LaunchScreen.storyboard; sourceTree = "<group>"; };
		80B7CFEB246DCD5E006A7D40 /* Info.plist */ = {isa = PBXFileReference; lastKnownFileType = text.plist.xml; path = Info.plist; sourceTree = "<group>"; };
		80B7CFF1246DCFFD006A7D40 /* Main.storyboard */ = {isa = PBXFileReference; fileEncoding = 4; lastKnownFileType = file.storyboard; path = Main.storyboard; sourceTree = "<group>"; };
		80B7CFF32471566A006A7D40 /* Localities.swift */ = {isa = PBXFileReference; lastKnownFileType = sourcecode.swift; path = Localities.swift; sourceTree = "<group>"; };
		80B7CFF9247170D2006A7D40 /* LocationBusStopsData.swift */ = {isa = PBXFileReference; lastKnownFileType = sourcecode.swift; path = LocationBusStopsData.swift; sourceTree = "<group>"; };
		80F0F649247181D2002EA2B9 /* LocationBusStopManager.swift */ = {isa = PBXFileReference; lastKnownFileType = sourcecode.swift; path = LocationBusStopManager.swift; sourceTree = "<group>"; };
		80F0F64B2471A02C002EA2B9 /* BusStops.swift */ = {isa = PBXFileReference; lastKnownFileType = sourcecode.swift; path = BusStops.swift; sourceTree = "<group>"; };
		80F0F6572476EB93002EA2B9 /* BusStopAnnotationData.swift */ = {isa = PBXFileReference; lastKnownFileType = sourcecode.swift; path = BusStopAnnotationData.swift; sourceTree = "<group>"; };
		80F0F659247763E0002EA2B9 /* CalloutView.swift */ = {isa = PBXFileReference; lastKnownFileType = sourcecode.swift; path = CalloutView.swift; sourceTree = "<group>"; };
		80F0F65B24781232002EA2B9 /* CalloutView.xib */ = {isa = PBXFileReference; lastKnownFileType = file.xib; path = CalloutView.xib; sourceTree = "<group>"; };
		80F0F65D24781708002EA2B9 /* ShowAnnotationView.swift */ = {isa = PBXFileReference; lastKnownFileType = sourcecode.swift; path = ShowAnnotationView.swift; sourceTree = "<group>"; };
/* End PBXFileReference section */

/* Begin PBXFrameworksBuildPhase section */
		80B7CFD7246DCD5C006A7D40 /* Frameworks */ = {
			isa = PBXFrameworksBuildPhase;
			buildActionMask = 2147483647;
			files = (
			);
			runOnlyForDeploymentPostprocessing = 0;
		};
/* End PBXFrameworksBuildPhase section */

/* Begin PBXGroup section */
		80B7CFD1246DCD5C006A7D40 = {
			isa = PBXGroup;
			children = (
				80B7CFDC246DCD5C006A7D40 /* Slough Public Transport */,
				80B7CFDB246DCD5C006A7D40 /* Products */,
			);
			sourceTree = "<group>";
		};
		80B7CFDB246DCD5C006A7D40 /* Products */ = {
			isa = PBXGroup;
			children = (
				80B7CFDA246DCD5C006A7D40 /* Slough Public Transport.app */,
			);
			name = Products;
			sourceTree = "<group>";
		};
		80B7CFDC246DCD5C006A7D40 /* Slough Public Transport */ = {
			isa = PBXGroup;
			children = (
				80B7CFF8247162A6006A7D40 /* Supporting Files */,
				80B7CFF72471629A006A7D40 /* Controllers */,
				80B7CFF624716293006A7D40 /* Views */,
				80B7CFF52471628D006A7D40 /* Model */,
				80B7CFE6246DCD5D006A7D40 /* Assets.xcassets */,
				80B7CFEB246DCD5E006A7D40 /* Info.plist */,
			);
			path = "Slough Public Transport";
			sourceTree = "<group>";
		};
		80B7CFF52471628D006A7D40 /* Model */ = {
			isa = PBXGroup;
			children = (
				80F0F65D24781708002EA2B9 /* ShowAnnotationView.swift */,
				80F0F649247181D2002EA2B9 /* LocationBusStopManager.swift */,
				80B7CFF32471566A006A7D40 /* Localities.swift */,
				80B7CFF9247170D2006A7D40 /* LocationBusStopsData.swift */,
				80F0F64B2471A02C002EA2B9 /* BusStops.swift */,
				80F0F6572476EB93002EA2B9 /* BusStopAnnotationData.swift */,
				806EA1BA247AC2F300BBE57D /* RemoveCharacters.swift */,
				808159E6247E83B200C3F6CB /* BusDeparturesData.swift */,
				808159E8247E8ED600C3F6CB /* BusDeparturesManager.swift */,
				808159EA247EA2EC00C3F6CB /* BusStopDepartures.swift */,
				806B4657247F98F400C80811 /* CountdownCalculator.swift */,
				8009A13D24852752007B2923 /* BusDirection.swift */,
			);
			path = Model;
			sourceTree = "<group>";
		};
		80B7CFF624716293006A7D40 /* Views */ = {
			isa = PBXGroup;
			children = (
				80B7CFE8246DCD5E006A7D40 /* LaunchScreen.storyboard */,
				80B7CFF1246DCFFD006A7D40 /* Main.storyboard */,
				80F0F659247763E0002EA2B9 /* CalloutView.swift */,
				80F0F65B24781232002EA2B9 /* CalloutView.xib */,
				808159E2247E70D600C3F6CB /* TimeTableCell.swift */,
				808159E3247E70D600C3F6CB /* TimeTableCell.xib */,
			);
			path = Views;
			sourceTree = "<group>";
		};
		80B7CFF72471629A006A7D40 /* Controllers */ = {
			isa = PBXGroup;
			children = (
				80B7CFE1246DCD5C006A7D40 /* ViewController.swift */,
			);
			path = Controllers;
			sourceTree = "<group>";
		};
		80B7CFF8247162A6006A7D40 /* Supporting Files */ = {
			isa = PBXGroup;
			children = (
				80B7CFDD246DCD5C006A7D40 /* AppDelegate.swift */,
				80B7CFDF246DCD5C006A7D40 /* SceneDelegate.swift */,
			);
			path = "Supporting Files";
			sourceTree = "<group>";
		};
/* End PBXGroup section */

/* Begin PBXNativeTarget section */
		80B7CFD9246DCD5C006A7D40 /* Slough Public Transport */ = {
			isa = PBXNativeTarget;
			buildConfigurationList = 80B7CFEE246DCD5E006A7D40 /* Build configuration list for PBXNativeTarget "Slough Public Transport" */;
			buildPhases = (
				80B7CFD6246DCD5C006A7D40 /* Sources */,
				80B7CFD7246DCD5C006A7D40 /* Frameworks */,
				80B7CFD8246DCD5C006A7D40 /* Resources */,
			);
			buildRules = (
			);
			dependencies = (
			);
			name = "Slough Public Transport";
			productName = "Slough Public Transport";
			productReference = 80B7CFDA246DCD5C006A7D40 /* Slough Public Transport.app */;
			productType = "com.apple.product-type.application";
		};
/* End PBXNativeTarget section */

/* Begin PBXProject section */
		80B7CFD2246DCD5C006A7D40 /* Project object */ = {
			isa = PBXProject;
			attributes = {
				LastSwiftUpdateCheck = 1140;
				LastUpgradeCheck = 1140;
				ORGANIZATIONNAME = "Warren Elliott";
				TargetAttributes = {
					80B7CFD9246DCD5C006A7D40 = {
						CreatedOnToolsVersion = 11.4.1;
					};
				};
			};
			buildConfigurationList = 80B7CFD5246DCD5C006A7D40 /* Build configuration list for PBXProject "Slough Public Transport" */;
			compatibilityVersion = "Xcode 9.3";
			developmentRegion = en;
			hasScannedForEncodings = 0;
			knownRegions = (
				en,
				Base,
			);
			mainGroup = 80B7CFD1246DCD5C006A7D40;
			productRefGroup = 80B7CFDB246DCD5C006A7D40 /* Products */;
			projectDirPath = "";
			projectRoot = "";
			targets = (
				80B7CFD9246DCD5C006A7D40 /* Slough Public Transport */,
			);
		};
/* End PBXProject section */

/* Begin PBXResourcesBuildPhase section */
		80B7CFD8246DCD5C006A7D40 /* Resources */ = {
			isa = PBXResourcesBuildPhase;
			buildActionMask = 2147483647;
			files = (
				80B7CFF2246DCFFD006A7D40 /* Main.storyboard in Resources */,
				808159E5247E70D600C3F6CB /* TimeTableCell.xib in Resources */,
				80B7CFEA246DCD5E006A7D40 /* LaunchScreen.storyboard in Resources */,
				80B7CFE7246DCD5D006A7D40 /* Assets.xcassets in Resources */,
				80F0F65C24781232002EA2B9 /* CalloutView.xib in Resources */,
			);
			runOnlyForDeploymentPostprocessing = 0;
		};
/* End PBXResourcesBuildPhase section */

/* Begin PBXSourcesBuildPhase section */
		80B7CFD6246DCD5C006A7D40 /* Sources */ = {
			isa = PBXSourcesBuildPhase;
			buildActionMask = 2147483647;
			files = (
				80F0F65E24781708002EA2B9 /* ShowAnnotationView.swift in Sources */,
				80B7CFF42471566A006A7D40 /* Localities.swift in Sources */,
				80F0F6582476EB93002EA2B9 /* BusStopAnnotationData.swift in Sources */,
				8009A13E24852752007B2923 /* BusDirection.swift in Sources */,
				80B7CFE2246DCD5C006A7D40 /* ViewController.swift in Sources */,
				808159E7247E83B200C3F6CB /* BusDeparturesData.swift in Sources */,
				808159E9247E8ED600C3F6CB /* BusDeparturesManager.swift in Sources */,
				80B7CFFA247170D2006A7D40 /* LocationBusStopsData.swift in Sources */,
				808159E4247E70D600C3F6CB /* TimeTableCell.swift in Sources */,
				80F0F64A247181D2002EA2B9 /* LocationBusStopManager.swift in Sources */,
				808159EB247EA2EC00C3F6CB /* BusStopDepartures.swift in Sources */,
				80F0F65A247763E0002EA2B9 /* CalloutView.swift in Sources */,
				80B7CFDE246DCD5C006A7D40 /* AppDelegate.swift in Sources */,
				80F0F64C2471A02C002EA2B9 /* BusStops.swift in Sources */,
				806EA1BB247AC2F300BBE57D /* RemoveCharacters.swift in Sources */,
				80B7CFE0246DCD5C006A7D40 /* SceneDelegate.swift in Sources */,
				806B4658247F98F400C80811 /* CountdownCalculator.swift in Sources */,
			);
			runOnlyForDeploymentPostprocessing = 0;
		};
/* End PBXSourcesBuildPhase section */

/* Begin PBXVariantGroup section */
		80B7CFE8246DCD5E006A7D40 /* LaunchScreen.storyboard */ = {
			isa = PBXVariantGroup;
			children = (
				80B7CFE9246DCD5E006A7D40 /* Base */,
			);
			name = LaunchScreen.storyboard;
			sourceTree = "<group>";
		};
/* End PBXVariantGroup section */

/* Begin XCBuildConfiguration section */
		80B7CFEC246DCD5E006A7D40 /* Debug */ = {
			isa = XCBuildConfiguration;
			buildSettings = {
				ALWAYS_SEARCH_USER_PATHS = NO;
				CLANG_ANALYZER_NONNULL = YES;
				CLANG_ANALYZER_NUMBER_OBJECT_CONVERSION = YES_AGGRESSIVE;
				CLANG_CXX_LANGUAGE_STANDARD = "gnu++14";
				CLANG_CXX_LIBRARY = "libc++";
				CLANG_ENABLE_MODULES = YES;
				CLANG_ENABLE_OBJC_ARC = YES;
				CLANG_ENABLE_OBJC_WEAK = YES;
				CLANG_WARN_BLOCK_CAPTURE_AUTORELEASING = YES;
				CLANG_WARN_BOOL_CONVERSION = YES;
				CLANG_WARN_COMMA = YES;
				CLANG_WARN_CONSTANT_CONVERSION = YES;
				CLANG_WARN_DEPRECATED_OBJC_IMPLEMENTATIONS = YES;
				CLANG_WARN_DIRECT_OBJC_ISA_USAGE = YES_ERROR;
				CLANG_WARN_DOCUMENTATION_COMMENTS = YES;
				CLANG_WARN_EMPTY_BODY = YES;
				CLANG_WARN_ENUM_CONVERSION = YES;
				CLANG_WARN_INFINITE_RECURSION = YES;
				CLANG_WARN_INT_CONVERSION = YES;
				CLANG_WARN_NON_LITERAL_NULL_CONVERSION = YES;
				CLANG_WARN_OBJC_IMPLICIT_RETAIN_SELF = YES;
				CLANG_WARN_OBJC_LITERAL_CONVERSION = YES;
				CLANG_WARN_OBJC_ROOT_CLASS = YES_ERROR;
				CLANG_WARN_RANGE_LOOP_ANALYSIS = YES;
				CLANG_WARN_STRICT_PROTOTYPES = YES;
				CLANG_WARN_SUSPICIOUS_MOVE = YES;
				CLANG_WARN_UNGUARDED_AVAILABILITY = YES_AGGRESSIVE;
				CLANG_WARN_UNREACHABLE_CODE = YES;
				CLANG_WARN__DUPLICATE_METHOD_MATCH = YES;
				COPY_PHASE_STRIP = NO;
				DEBUG_INFORMATION_FORMAT = dwarf;
				ENABLE_STRICT_OBJC_MSGSEND = YES;
				ENABLE_TESTABILITY = YES;
				GCC_C_LANGUAGE_STANDARD = gnu11;
				GCC_DYNAMIC_NO_PIC = NO;
				GCC_NO_COMMON_BLOCKS = YES;
				GCC_OPTIMIZATION_LEVEL = 0;
				GCC_PREPROCESSOR_DEFINITIONS = (
					"DEBUG=1",
					"$(inherited)",
				);
				GCC_WARN_64_TO_32_BIT_CONVERSION = YES;
				GCC_WARN_ABOUT_RETURN_TYPE = YES_ERROR;
				GCC_WARN_UNDECLARED_SELECTOR = YES;
				GCC_WARN_UNINITIALIZED_AUTOS = YES_AGGRESSIVE;
				GCC_WARN_UNUSED_FUNCTION = YES;
				GCC_WARN_UNUSED_VARIABLE = YES;
				IPHONEOS_DEPLOYMENT_TARGET = 13.4;
				MTL_ENABLE_DEBUG_INFO = INCLUDE_SOURCE;
				MTL_FAST_MATH = YES;
				ONLY_ACTIVE_ARCH = YES;
				SDKROOT = iphoneos;
				SWIFT_ACTIVE_COMPILATION_CONDITIONS = DEBUG;
				SWIFT_OPTIMIZATION_LEVEL = "-Onone";
			};
			name = Debug;
		};
		80B7CFED246DCD5E006A7D40 /* Release */ = {
			isa = XCBuildConfiguration;
			buildSettings = {
				ALWAYS_SEARCH_USER_PATHS = NO;
				CLANG_ANALYZER_NONNULL = YES;
				CLANG_ANALYZER_NUMBER_OBJECT_CONVERSION = YES_AGGRESSIVE;
				CLANG_CXX_LANGUAGE_STANDARD = "gnu++14";
				CLANG_CXX_LIBRARY = "libc++";
				CLANG_ENABLE_MODULES = YES;
				CLANG_ENABLE_OBJC_ARC = YES;
				CLANG_ENABLE_OBJC_WEAK = YES;
				CLANG_WARN_BLOCK_CAPTURE_AUTORELEASING = YES;
				CLANG_WARN_BOOL_CONVERSION = YES;
				CLANG_WARN_COMMA = YES;
				CLANG_WARN_CONSTANT_CONVERSION = YES;
				CLANG_WARN_DEPRECATED_OBJC_IMPLEMENTATIONS = YES;
				CLANG_WARN_DIRECT_OBJC_ISA_USAGE = YES_ERROR;
				CLANG_WARN_DOCUMENTATION_COMMENTS = YES;
				CLANG_WARN_EMPTY_BODY = YES;
				CLANG_WARN_ENUM_CONVERSION = YES;
				CLANG_WARN_INFINITE_RECURSION = YES;
				CLANG_WARN_INT_CONVERSION = YES;
				CLANG_WARN_NON_LITERAL_NULL_CONVERSION = YES;
				CLANG_WARN_OBJC_IMPLICIT_RETAIN_SELF = YES;
				CLANG_WARN_OBJC_LITERAL_CONVERSION = YES;
				CLANG_WARN_OBJC_ROOT_CLASS = YES_ERROR;
				CLANG_WARN_RANGE_LOOP_ANALYSIS = YES;
				CLANG_WARN_STRICT_PROTOTYPES = YES;
				CLANG_WARN_SUSPICIOUS_MOVE = YES;
				CLANG_WARN_UNGUARDED_AVAILABILITY = YES_AGGRESSIVE;
				CLANG_WARN_UNREACHABLE_CODE = YES;
				CLANG_WARN__DUPLICATE_METHOD_MATCH = YES;
				COPY_PHASE_STRIP = NO;
				DEBUG_INFORMATION_FORMAT = "dwarf-with-dsym";
				ENABLE_NS_ASSERTIONS = NO;
				ENABLE_STRICT_OBJC_MSGSEND = YES;
				GCC_C_LANGUAGE_STANDARD = gnu11;
				GCC_NO_COMMON_BLOCKS = YES;
				GCC_WARN_64_TO_32_BIT_CONVERSION = YES;
				GCC_WARN_ABOUT_RETURN_TYPE = YES_ERROR;
				GCC_WARN_UNDECLARED_SELECTOR = YES;
				GCC_WARN_UNINITIALIZED_AUTOS = YES_AGGRESSIVE;
				GCC_WARN_UNUSED_FUNCTION = YES;
				GCC_WARN_UNUSED_VARIABLE = YES;
				IPHONEOS_DEPLOYMENT_TARGET = 13.4;
				MTL_ENABLE_DEBUG_INFO = NO;
				MTL_FAST_MATH = YES;
				SDKROOT = iphoneos;
				SWIFT_COMPILATION_MODE = wholemodule;
				SWIFT_OPTIMIZATION_LEVEL = "-O";
				VALIDATE_PRODUCT = YES;
			};
			name = Release;
		};
		80B7CFEF246DCD5E006A7D40 /* Debug */ = {
			isa = XCBuildConfiguration;
			buildSettings = {
				ASSETCATALOG_COMPILER_APPICON_NAME = AppIcon;
				CODE_SIGN_STYLE = Automatic;
				DEVELOPMENT_TEAM = 84DJYQD757;
				INFOPLIST_FILE = "Slough Public Transport/Info.plist";
				LD_RUNPATH_SEARCH_PATHS = (
					"$(inherited)",
					"@executable_path/Frameworks",
				);
				PRODUCT_BUNDLE_IDENTIFIER = "com.warrenElliott.Slough-Public-Transport";
				PRODUCT_NAME = "$(TARGET_NAME)";
				SWIFT_VERSION = 5.0;
				TARGETED_DEVICE_FAMILY = "1,2";
			};
			name = Debug;
		};
		80B7CFF0246DCD5E006A7D40 /* Release */ = {
			isa = XCBuildConfiguration;
			buildSettings = {
				ASSETCATALOG_COMPILER_APPICON_NAME = AppIcon;
				CODE_SIGN_STYLE = Automatic;
				DEVELOPMENT_TEAM = 84DJYQD757;
				INFOPLIST_FILE = "Slough Public Transport/Info.plist";
				LD_RUNPATH_SEARCH_PATHS = (
					"$(inherited)",
					"@executable_path/Frameworks",
				);
				PRODUCT_BUNDLE_IDENTIFIER = "com.warrenElliott.Slough-Public-Transport";
				PRODUCT_NAME = "$(TARGET_NAME)";
				SWIFT_VERSION = 5.0;
				TARGETED_DEVICE_FAMILY = "1,2";
			};
			name = Release;
		};
/* End XCBuildConfiguration section */

/* Begin XCConfigurationList section */
		80B7CFD5246DCD5C006A7D40 /* Build configuration list for PBXProject "Slough Public Transport" */ = {
			isa = XCConfigurationList;
			buildConfigurations = (
				80B7CFEC246DCD5E006A7D40 /* Debug */,
				80B7CFED246DCD5E006A7D40 /* Release */,
			);
			defaultConfigurationIsVisible = 0;
			defaultConfigurationName = Release;
		};
		80B7CFEE246DCD5E006A7D40 /* Build configuration list for PBXNativeTarget "Slough Public Transport" */ = {
			isa = XCConfigurationList;
			buildConfigurations = (
				80B7CFEF246DCD5E006A7D40 /* Debug */,
				80B7CFF0246DCD5E006A7D40 /* Release */,
			);
			defaultConfigurationIsVisible = 0;
			defaultConfigurationName = Release;
		};
/* End XCConfigurationList section */
	};
	rootObject = 80B7CFD2246DCD5C006A7D40 /* Project object */;
}
